
Microsoft Visual Studio Solution File, Format Version 12.00
# Visual Studio Version 17
VisualStudioVersion = 17.6.33829.357
MinimumVisualStudioVersion = 10.0.40219.1
Project("{FAE04EC0-301F-11D3-BF4B-00C04F79EFBC}") = "JogoDaVelha", "JogoDaVelha.csproj", "{30926B4C-8F3C-4242-8162-A65F772390DA}"
EndProject
Global
	GlobalSection(SolutionConfigurationPlatforms) = preSolution
		Debug|Any CPU = Debug|Any CPU
		Release|Any CPU = Release|Any CPU
	EndGlobalSection
	GlobalSection(ProjectConfigurationPlatforms) = postSolution
		{30926B4C-8F3C-4242-8162-A65F772390DA}.Debug|Any CPU.ActiveCfg = Debug|Any CPU
		{30926B4C-8F3C-4242-8162-A65F772390DA}.Debug|Any CPU.Build.0 = Debug|Any CPU
		{30926B4C-8F3C-4242-8162-A65F772390DA}.Release|Any CPU.ActiveCfg = Release|Any CPU
		{30926B4C-8F3C-4242-8162-A65F772390DA}.Release|Any CPU.Build.0 = Release|Any CPU
	EndGlobalSection
	GlobalSection(SolutionProperties) = preSolution
		HideSolutionNode = FALSE
	EndGlobalSection
	GlobalSection(ExtensibilityGlobals) = postSolution
		SolutionGuid = {AC944482-1760-440E-8BD3-6CE6987EFF3E}
	EndGlobalSection
EndGlobal
